{
  "name": "New_Portfolio",
  "lockfileVersion": 3,
  "requires": true,
  "packages": {
    "": {
      "devDependencies": {
        "@ngrx/schematics": "^16.0.0"
      }
    },
    "node_modules/@ngrx/schematics": {
      "version": "16.0.0",
      "resolved": "https://registry.npmjs.org/@ngrx/schematics/-/schematics-16.0.0.tgz",
      "integrity": "sha512-gp4r54uxtYdZlf83NH9ONbY4U5OgmcIx+WSbJx3YNpwRJAYORykM0r6CtrsrPjgXRvi9aAeQ5QzwFpI26BHDcA==",
      "dev": true
    }
  }
}
